{
  "name": "conflict-deepcode",
  "version": "1.2.0",
  "lockfileVersion": 3,
  "requires": true,
  "packages": {
    "": {
      "name": "conflict-deepcode",
      "version": "1.2.0",
      "hasInstallScript": true,
      "license": "MIT",
      "os": [
        "win32",
        "darwin",
        "linux"
      ],
      "bin": {
        "conflict-deepcode": "bin/conflict-deepcode.js",
        "deepcode": "bin/conflict-deepcode.js",
        "dpcd": "bin/dpcd.js"
      },
      "engines": {
        "node": ">=14.0.0"
      }
    }
  }
}
